
Microsoft Visual Studio Solution File, Format Version 12.00
# Visual Studio Version 17
VisualStudioVersion = 17.10.35027.167
MinimumVisualStudioVersion = 10.0.40219.1
Project("{FAE04EC0-301F-11D3-BF4B-00C04F79EFBC}") = "PresentaionLayer", "PresentaionLayer\PresentaionLayer.csproj", "{79601837-25CC-4C84-ACDA-EFF0567770C8}"
EndProject
Project("{FAE04EC0-301F-11D3-BF4B-00C04F79EFBC}") = "DataAccessLayer", "DataAccessLayer\DataAccessLayer.csproj", "{FE4D8F91-3DDA-4E74-8FB7-C1114F0BE6E1}"
EndProject
Project("{FAE04EC0-301F-11D3-BF4B-00C04F79EFBC}") = "BussinesLogicLayer", "BussinesLogicLayer\BussinesLogicLayer.csproj", "{8C378D3A-5176-4F75-A580-C66BFF8AE61E}"
EndProject
Global
	GlobalSection(SolutionConfigurationPlatforms) = preSolution
		Debug|Any CPU = Debug|Any CPU
		Release|Any CPU = Release|Any CPU
	EndGlobalSection
	GlobalSection(ProjectConfigurationPlatforms) = postSolution
		{79601837-25CC-4C84-ACDA-EFF0567770C8}.Debug|Any CPU.ActiveCfg = Debug|Any CPU
		{79601837-25CC-4C84-ACDA-EFF0567770C8}.Debug|Any CPU.Build.0 = Debug|Any CPU
		{79601837-25CC-4C84-ACDA-EFF0567770C8}.Release|Any CPU.ActiveCfg = Release|Any CPU
		{79601837-25CC-4C84-ACDA-EFF0567770C8}.Release|Any CPU.Build.0 = Release|Any CPU
		{FE4D8F91-3DDA-4E74-8FB7-C1114F0BE6E1}.Debug|Any CPU.ActiveCfg = Debug|Any CPU
		{FE4D8F91-3DDA-4E74-8FB7-C1114F0BE6E1}.Debug|Any CPU.Build.0 = Debug|Any CPU
		{FE4D8F91-3DDA-4E74-8FB7-C1114F0BE6E1}.Release|Any CPU.ActiveCfg = Release|Any CPU
		{FE4D8F91-3DDA-4E74-8FB7-C1114F0BE6E1}.Release|Any CPU.Build.0 = Release|Any CPU
		{8C378D3A-5176-4F75-A580-C66BFF8AE61E}.Debug|Any CPU.ActiveCfg = Debug|Any CPU
		{8C378D3A-5176-4F75-A580-C66BFF8AE61E}.Debug|Any CPU.Build.0 = Debug|Any CPU
		{8C378D3A-5176-4F75-A580-C66BFF8AE61E}.Release|Any CPU.ActiveCfg = Release|Any CPU
		{8C378D3A-5176-4F75-A580-C66BFF8AE61E}.Release|Any CPU.Build.0 = Release|Any CPU
	EndGlobalSection
	GlobalSection(SolutionProperties) = preSolution
		HideSolutionNode = FALSE
	EndGlobalSection
	GlobalSection(ExtensibilityGlobals) = postSolution
		SolutionGuid = {371287B0-955F-49D0-821E-F2F59AD733C6}
	EndGlobalSection
EndGlobal
